// !$*UTF8*$!
{
	archiveVersion = 1;
	classes = {
	};
	objectVersion = 46;
	objects = {

/* Begin PBXBuildFile section */
		6C73AA4A15B74CE300E0C0CF /* UIKit.framework in Frameworks */ = {isa = PBXBuildFile; fileRef = 6C73AA4915B74CE300E0C0CF /* UIKit.framework */; };
		6C73AA4C15B74CE300E0C0CF /* Foundation.framework in Frameworks */ = {isa = PBXBuildFile; fileRef = 6C73AA4B15B74CE300E0C0CF /* Foundation.framework */; };
		6C73AA4E15B74CE300E0C0CF /* CoreGraphics.framework in Frameworks */ = {isa = PBXBuildFile; fileRef = 6C73AA4D15B74CE300E0C0CF /* CoreGraphics.framework */; };
		6C73AA5415B74CE300E0C0CF /* InfoPlist.strings in Resources */ = {isa = PBXBuildFile; fileRef = 6C73AA5215B74CE300E0C0CF /* InfoPlist.strings */; };
		6C73AA5615B74CE300E0C0CF /* main.m in Sources */ = {isa = PBXBuildFile; fileRef = 6C73AA5515B74CE300E0C0CF /* main.m */; };
		6C73AA5A15B74CE300E0C0CF /* HelloWorldAppDelegate.m in Sources */ = {isa = PBXBuildFile; fileRef = 6C73AA5915B74CE300E0C0CF /* HelloWorldAppDelegate.m */; };
		6C73AA5D15B74CE300E0C0CF /* MainStoryboard.storyboard in Resources */ = {isa = PBXBuildFile; fileRef = 6C73AA5B15B74CE300E0C0CF /* MainStoryboard.storyboard */; };
		6C73AA6015B74CE300E0C0CF /* HelloWorldViewController.m in Sources */ = {isa = PBXBuildFile; fileRef = 6C73AA5F15B74CE300E0C0CF /* HelloWorldViewController.m */; };
/* End PBXBuildFile section */

/* Begin PBXFileReference section */
		6C73AA4515B74CE300E0C0CF /* iOSHelloWorld.app */ = {isa = PBXFileReference; explicitFileType = wrapper.application; includeInIndex = 0; path = iOSHelloWorld.app; sourceTree = BUILT_PRODUCTS_DIR; };
		6C73AA4915B74CE300E0C0CF /* UIKit.framework */ = {isa = PBXFileReference; lastKnownFileType = wrapper.framework; name = UIKit.framework; path = System/Library/Frameworks/UIKit.framework; sourceTree = SDKROOT; };
		6C73AA4B15B74CE300E0C0CF /* Foundation.framework */ = {isa = PBXFileReference; lastKnownFileType = wrapper.framework; name = Foundation.framework; path = System/Library/Frameworks/Foundation.framework; sourceTree = SDKROOT; };
		6C73AA4D15B74CE300E0C0CF /* CoreGraphics.framework */ = {isa = PBXFileReference; lastKnownFileType = wrapper.framework; name = CoreGraphics.framework; path = System/Library/Frameworks/CoreGraphics.framework; sourceTree = SDKROOT; };
		6C73AA5115B74CE300E0C0CF /* iOSHelloWorld-Info.plist */ = {isa = PBXFileReference; lastKnownFileType = text.plist.xml; path = "iOSHelloWorld-Info.plist"; sourceTree = "<group>"; };
		6C73AA5315B74CE300E0C0CF /* en */ = {isa = PBXFileReference; lastKnownFileType = text.plist.strings; name = en; path = en.lproj/InfoPlist.strings; sourceTree = "<group>"; };
		6C73AA5515B74CE300E0C0CF /* main.m */ = {isa = PBXFileReference; lastKnownFileType = sourcecode.c.objc; path = main.m; sourceTree = "<group>"; };
		6C73AA5715B74CE300E0C0CF /* iOSHelloWorld-Prefix.pch */ = {isa = PBXFileReference; lastKnownFileType = sourcecode.c.h; path = "iOSHelloWorld-Prefix.pch"; sourceTree = "<group>"; };
		6C73AA5815B74CE300E0C0CF /* HelloWorldAppDelegate.h */ = {isa = PBXFileReference; lastKnownFileType = sourcecode.c.h; path = HelloWorldAppDelegate.h; sourceTree = "<group>"; };
		6C73AA5915B74CE300E0C0CF /* HelloWorldAppDelegate.m */ = {isa = PBXFileReference; lastKnownFileType = sourcecode.c.objc; path = HelloWorldAppDelegate.m; sourceTree = "<group>"; };
		6C73AA5C15B74CE300E0C0CF /* en */ = {isa = PBXFileReference; lastKnownFileType = file.storyboard; name = en; path = en.lproj/MainStoryboard.storyboard; sourceTree = "<group>"; };
		6C73AA5E15B74CE300E0C0CF /* HelloWorldViewController.h */ = {isa = PBXFileReference; lastKnownFileType = sourcecode.c.h; path = HelloWorldViewController.h; sourceTree = "<group>"; };
		6C73AA5F15B74CE300E0C0CF /* HelloWorldViewController.m */ = {isa = PBXFileReference; lastKnownFileType = sourcecode.c.objc; path = HelloWorldViewController.m; sourceTree = "<group>"; };
/* End PBXFileReference section */

/* Begin PBXFrameworksBuildPhase section */
		6C73AA4215B74CE300E0C0CF /* Frameworks */ = {
			isa = PBXFrameworksBuildPhase;
			buildActionMask = 2147483647;
			files = (
				6C73AA4A15B74CE300E0C0CF /* UIKit.framework in Frameworks */,
				6C73AA4C15B74CE300E0C0CF /* Foundation.framework in Frameworks */,
				6C73AA4E15B74CE300E0C0CF /* CoreGraphics.framework in Frameworks */,
			);
			runOnlyForDeploymentPostprocessing = 0;
		};
/* End PBXFrameworksBuildPhase section */

/* Begin PBXGroup section */
		6C73AA3A15B74CE300E0C0CF = {
			isa = PBXGroup;
			children = (
				6C73AA4F15B74CE300E0C0CF /* iOSHelloWorld */,
				6C73AA4815B74CE300E0C0CF /* Frameworks */,
				6C73AA4615B74CE300E0C0CF /* Products */,
			);
			sourceTree = "<group>";
		};
		6C73AA4615B74CE300E0C0CF /* Products */ = {
			isa = PBXGroup;
			children = (
				6C73AA4515B74CE300E0C0CF /* iOSHelloWorld.app */,
			);
			name = Products;
			sourceTree = "<group>";
		};
		6C73AA4815B74CE300E0C0CF /* Frameworks */ = {
			isa = PBXGroup;
			children = (
				6C73AA4915B74CE300E0C0CF /* UIKit.framework */,
				6C73AA4B15B74CE300E0C0CF /* Foundation.framework */,
				6C73AA4D15B74CE300E0C0CF /* CoreGraphics.framework */,
			);
			name = Frameworks;
			sourceTree = "<group>";
		};
		6C73AA4F15B74CE300E0C0CF /* iOSHelloWorld */ = {
			isa = PBXGroup;
			children = (
				6C73AA5815B74CE300E0C0CF /* HelloWorldAppDelegate.h */,
				6C73AA5915B74CE300E0C0CF /* HelloWorldAppDelegate.m */,
				6C73AA5B15B74CE300E0C0CF /* MainStoryboard.storyboard */,
				6C73AA5E15B74CE300E0C0CF /* HelloWorldViewController.h */,
				6C73AA5F15B74CE300E0C0CF /* HelloWorldViewController.m */,
				6C73AA5015B74CE300E0C0CF /* Supporting Files */,
			);
			path = iOSHelloWorld;
			sourceTree = "<group>";
		};
		6C73AA5015B74CE300E0C0CF /* Supporting Files */ = {
			isa = PBXGroup;
			children = (
				6C73AA5115B74CE300E0C0CF /* iOSHelloWorld-Info.plist */,
				6C73AA5215B74CE300E0C0CF /* InfoPlist.strings */,
				6C73AA5515B74CE300E0C0CF /* main.m */,
				6C73AA5715B74CE300E0C0CF /* iOSHelloWorld-Prefix.pch */,
			);
			name = "Supporting Files";
			sourceTree = "<group>";
		};
/* End PBXGroup section */

/* Begin PBXNativeTarget section */
		6C73AA4415B74CE300E0C0CF /* iOSHelloWorld */ = {
			isa = PBXNativeTarget;
			buildConfigurationList = 6C73AA6315B74CE300E0C0CF /* Build configuration list for PBXNativeTarget "iOSHelloWorld" */;
			buildPhases = (
				6C73AA4115B74CE300E0C0CF /* Sources */,
				6C73AA4215B74CE300E0C0CF /* Frameworks */,
				6C73AA4315B74CE300E0C0CF /* Resources */,
			);
			buildRules = (
			);
			dependencies = (
			);
			name = iOSHelloWorld;
			productName = iOSHelloWorld;
			productReference = 6C73AA4515B74CE300E0C0CF /* iOSHelloWorld.app */;
			productType = "com.apple.product-type.application";
		};
/* End PBXNativeTarget section */

/* Begin PBXProject section */
		6C73AA3C15B74CE300E0C0CF /* Project object */ = {
			isa = PBXProject;
			attributes = {
				CLASSPREFIX = HelloWorld;
				LastUpgradeCheck = 0430;
			};
			buildConfigurationList = 6C73AA3F15B74CE300E0C0CF /* Build configuration list for PBXProject "iOSHelloWorld" */;
			compatibilityVersion = "Xcode 3.2";
			developmentRegion = English;
			hasScannedForEncodings = 0;
			knownRegions = (
				en,
			);
			mainGroup = 6C73AA3A15B74CE300E0C0CF;
			productRefGroup = 6C73AA4615B74CE300E0C0CF /* Products */;
			projectDirPath = "";
			projectRoot = "";
			targets = (
				6C73AA4415B74CE300E0C0CF /* iOSHelloWorld */,
			);
		};
/* End PBXProject section */

/* Begin PBXResourcesBuildPhase section */
		6C73AA4315B74CE300E0C0CF /* Resources */ = {
			isa = PBXResourcesBuildPhase;
			buildActionMask = 2147483647;
			files = (
				6C73AA5415B74CE300E0C0CF /* InfoPlist.strings in Resources */,
				6C73AA5D15B74CE300E0C0CF /* MainStoryboard.storyboard in Resources */,
			);
			runOnlyForDeploymentPostprocessing = 0;
		};
/* End PBXResourcesBuildPhase section */

/* Begin PBXSourcesBuildPhase section */
		6C73AA4115B74CE300E0C0CF /* Sources */ = {
			isa = PBXSourcesBuildPhase;
			buildActionMask = 2147483647;
			files = (
				6C73AA5615B74CE300E0C0CF /* main.m in Sources */,
				6C73AA5A15B74CE300E0C0CF /* HelloWorldAppDelegate.m in Sources */,
				6C73AA6015B74CE300E0C0CF /* HelloWorldViewController.m in Sources */,
			);
			runOnlyForDeploymentPostprocessing = 0;
		};
/* End PBXSourcesBuildPhase section */

/* Begin PBXVariantGroup section */
		6C73AA5215B74CE300E0C0CF /* InfoPlist.strings */ = {
			isa = PBXVariantGroup;
			children = (
				6C73AA5315B74CE300E0C0CF /* en */,
			);
			name = InfoPlist.strings;
			sourceTree = "<group>";
		};
		6C73AA5B15B74CE300E0C0CF /* MainStoryboard.storyboard */ = {
			isa = PBXVariantGroup;
			children = (
				6C73AA5C15B74CE300E0C0CF /* en */,
			);
			name = MainStoryboard.storyboard;
			sourceTree = "<group>";
		};
/* End PBXVariantGroup section */

/* Begin XCBuildConfiguration section */
		6C73AA6115B74CE300E0C0CF /* Debug */ = {
			isa = XCBuildConfiguration;
			buildSettings = {
				ALWAYS_SEARCH_USER_PATHS = NO;
				ARCHS = "$(ARCHS_STANDARD_32_BIT)";
				CLANG_ENABLE_OBJC_ARC = YES;
				"CODE_SIGN_IDENTITY[sdk=iphoneos*]" = "iPhone Developer";
				COPY_PHASE_STRIP = NO;
				GCC_C_LANGUAGE_STANDARD = gnu99;
				GCC_DYNAMIC_NO_PIC = NO;
				GCC_OPTIMIZATION_LEVEL = 0;
				GCC_PREPROCESSOR_DEFINITIONS = (
					"DEBUG=1",
					"$(inherited)",
				);
				GCC_SYMBOLS_PRIVATE_EXTERN = NO;
				GCC_VERSION = com.apple.compilers.llvm.clang.1_0;
				GCC_WARN_ABOUT_RETURN_TYPE = YES;
				GCC_WARN_UNINITIALIZED_AUTOS = YES;
				GCC_WARN_UNUSED_VARIABLE = YES;
				IPHONEOS_DEPLOYMENT_TARGET = 5.1;
				SDKROOT = iphoneos;
			};
			name = Debug;
		};
		6C73AA6215B74CE300E0C0CF /* Release */ = {
			isa = XCBuildConfiguration;
			buildSettings = {
				ALWAYS_SEARCH_USER_PATHS = NO;
				ARCHS = "$(ARCHS_STANDARD_32_BIT)";
				CLANG_ENABLE_OBJC_ARC = YES;
				"CODE_SIGN_IDENTITY[sdk=iphoneos*]" = "iPhone Developer";
				COPY_PHASE_STRIP = YES;
				GCC_C_LANGUAGE_STANDARD = gnu99;
				GCC_VERSION = com.apple.compilers.llvm.clang.1_0;
				GCC_WARN_ABOUT_RETURN_TYPE = YES;
				GCC_WARN_UNINITIALIZED_AUTOS = YES;
				GCC_WARN_UNUSED_VARIABLE = YES;
				IPHONEOS_DEPLOYMENT_TARGET = 5.1;
				OTHER_CFLAGS = "-DNS_BLOCK_ASSERTIONS=1";
				SDKROOT = iphoneos;
				VALIDATE_PRODUCT = YES;
			};
			name = Release;
		};
		6C73AA6415B74CE300E0C0CF /* Debug */ = {
			isa = XCBuildConfiguration;
			buildSettings = {
				GCC_PRECOMPILE_PREFIX_HEADER = YES;
				GCC_PREFIX_HEADER = "iOSHelloWorld/iOSHelloWorld-Prefix.pch";
				INFOPLIST_FILE = "iOSHelloWorld/iOSHelloWorld-Info.plist";
				PRODUCT_NAME = "$(TARGET_NAME)";
				WRAPPER_EXTENSION = app;
			};
			name = Debug;
		};
		6C73AA6515B74CE300E0C0CF /* Release */ = {
			isa = XCBuildConfiguration;
			buildSettings = {
				GCC_PRECOMPILE_PREFIX_HEADER = YES;
				GCC_PREFIX_HEADER = "iOSHelloWorld/iOSHelloWorld-Prefix.pch";
				INFOPLIST_FILE = "iOSHelloWorld/iOSHelloWorld-Info.plist";
				PRODUCT_NAME = "$(TARGET_NAME)";
				WRAPPER_EXTENSION = app;
			};
			name = Release;
		};
/* End XCBuildConfiguration section */

/* Begin XCConfigurationList section */
		6C73AA3F15B74CE300E0C0CF /* Build configuration list for PBXProject "iOSHelloWorld" */ = {
			isa = XCConfigurationList;
			buildConfigurations = (
				6C73AA6115B74CE300E0C0CF /* Debug */,
				6C73AA6215B74CE300E0C0CF /* Release */,
			);
			defaultConfigurationIsVisible = 0;
			defaultConfigurationName = Release;
		};
		6C73AA6315B74CE300E0C0CF /* Build configuration list for PBXNativeTarget "iOSHelloWorld" */ = {
			isa = XCConfigurationList;
			buildConfigurations = (
				6C73AA6415B74CE300E0C0CF /* Debug */,
				6C73AA6515B74CE300E0C0CF /* Release */,
			);
			defaultConfigurationIsVisible = 0;
		};
/* End XCConfigurationList section */
	};
	rootObject = 6C73AA3C15B74CE300E0C0CF /* Project object */;
}
